
Microsoft Visual Studio Solution File, Format Version 12.00
# Visual Studio 15
VisualStudioVersion = 15.0.26430.13
MinimumVisualStudioVersion = 10.0.40219.1
Project("{8BC9CEB8-8B4A-11D0-8D11-00A0C91BC942}") = "UniversalPtr", "UniversalPtr\UniversalPtr.vcxproj", "{8359A2E1-B1B9-4680-AA24-7DA1E2FABA69}"
EndProject
Project("{8BC9CEB8-8B4A-11D0-8D11-00A0C91BC942}") = "UniquePtr", "UniquePtr\UniquePtr.vcxproj", "{CF01CDED-781B-41EA-AF1B-C0994C29589C}"
EndProject
Project("{8BC9CEB8-8B4A-11D0-8D11-00A0C91BC942}") = "SharedFromThis", "SharedFromThis\SharedFromThis.vcxproj", "{BBEDBFEE-F0AD-45A9-8C78-726AE1FB32AD}"
EndProject
Project("{8BC9CEB8-8B4A-11D0-8D11-00A0C91BC942}") = "WeakSelf", "WeakSelf\WeakSelf.vcxproj", "{42FD5C2E-11CA-489B-91DA-B727459E34BC}"
EndProject
Project("{8BC9CEB8-8B4A-11D0-8D11-00A0C91BC942}") = "Optional", "Optional\Optional.vcxproj", "{9E29803D-5477-421D-8F49-2CCD735358D2}"
EndProject
Project("{8BC9CEB8-8B4A-11D0-8D11-00A0C91BC942}") = "Ranges", "Ranges\Ranges.vcxproj", "{F149F950-F38E-47DE-B92F-9F41AF757B41}"
EndProject
Project("{8BC9CEB8-8B4A-11D0-8D11-00A0C91BC942}") = "Variant", "Variant\Variant.vcxproj", "{C834AE6B-21F6-400A-AB14-6B3984426D1D}"
EndProject
Project("{8BC9CEB8-8B4A-11D0-8D11-00A0C91BC942}") = "DesignPatterns", "DesignPatterns\DesignPatterns.vcxproj", "{0A84B815-F49F-4791-9772-24C3C5362D49}"
EndProject
Project("{2150E333-8FDC-42A3-9474-1A3956D46DE8}") = "Design Patterns", "Design Patterns", "{224D6DCA-B33D-43AE-ACC1-A97E9C4AC646}"
EndProject
Project("{8BC9CEB8-8B4A-11D0-8D11-00A0C91BC942}") = "command", "DesignPatterns\command\command.vcxproj", "{553E1193-C897-4F9C-8B04-AC6AC8C42D79}"
EndProject
Project("{8BC9CEB8-8B4A-11D0-8D11-00A0C91BC942}") = "Move-Semantic", "Move-Semantic\Move-Semantic.vcxproj", "{9681D3CE-D492-4C74-AFF6-7603D4767412}"
EndProject
Project("{8BC9CEB8-8B4A-11D0-8D11-00A0C91BC942}") = "WeakPtr", "WeakPtr\WeakPtr.vcxproj", "{03BC18D2-250E-4BB1-8B0B-1FE3A5BA9A1F}"
EndProject
Global
	GlobalSection(SolutionConfigurationPlatforms) = preSolution
		Debug|x64 = Debug|x64
		Debug|x86 = Debug|x86
		Release|x64 = Release|x64
		Release|x86 = Release|x86
	EndGlobalSection
	GlobalSection(ProjectConfigurationPlatforms) = postSolution
		{8359A2E1-B1B9-4680-AA24-7DA1E2FABA69}.Debug|x64.ActiveCfg = Debug|x64
		{8359A2E1-B1B9-4680-AA24-7DA1E2FABA69}.Debug|x64.Build.0 = Debug|x64
		{8359A2E1-B1B9-4680-AA24-7DA1E2FABA69}.Debug|x86.ActiveCfg = Debug|Win32
		{8359A2E1-B1B9-4680-AA24-7DA1E2FABA69}.Debug|x86.Build.0 = Debug|Win32
		{8359A2E1-B1B9-4680-AA24-7DA1E2FABA69}.Release|x64.ActiveCfg = Release|x64
		{8359A2E1-B1B9-4680-AA24-7DA1E2FABA69}.Release|x64.Build.0 = Release|x64
		{8359A2E1-B1B9-4680-AA24-7DA1E2FABA69}.Release|x86.ActiveCfg = Release|Win32
		{8359A2E1-B1B9-4680-AA24-7DA1E2FABA69}.Release|x86.Build.0 = Release|Win32
		{CF01CDED-781B-41EA-AF1B-C0994C29589C}.Debug|x64.ActiveCfg = Debug|x64
		{CF01CDED-781B-41EA-AF1B-C0994C29589C}.Debug|x64.Build.0 = Debug|x64
		{CF01CDED-781B-41EA-AF1B-C0994C29589C}.Debug|x86.ActiveCfg = Debug|Win32
		{CF01CDED-781B-41EA-AF1B-C0994C29589C}.Debug|x86.Build.0 = Debug|Win32
		{CF01CDED-781B-41EA-AF1B-C0994C29589C}.Release|x64.ActiveCfg = Release|x64
		{CF01CDED-781B-41EA-AF1B-C0994C29589C}.Release|x64.Build.0 = Release|x64
		{CF01CDED-781B-41EA-AF1B-C0994C29589C}.Release|x86.ActiveCfg = Release|Win32
		{CF01CDED-781B-41EA-AF1B-C0994C29589C}.Release|x86.Build.0 = Release|Win32
		{BBEDBFEE-F0AD-45A9-8C78-726AE1FB32AD}.Debug|x64.ActiveCfg = Debug|x64
		{BBEDBFEE-F0AD-45A9-8C78-726AE1FB32AD}.Debug|x64.Build.0 = Debug|x64
		{BBEDBFEE-F0AD-45A9-8C78-726AE1FB32AD}.Debug|x86.ActiveCfg = Debug|Win32
		{BBEDBFEE-F0AD-45A9-8C78-726AE1FB32AD}.Debug|x86.Build.0 = Debug|Win32
		{BBEDBFEE-F0AD-45A9-8C78-726AE1FB32AD}.Release|x64.ActiveCfg = Release|x64
		{BBEDBFEE-F0AD-45A9-8C78-726AE1FB32AD}.Release|x64.Build.0 = Release|x64
		{BBEDBFEE-F0AD-45A9-8C78-726AE1FB32AD}.Release|x86.ActiveCfg = Release|Win32
		{BBEDBFEE-F0AD-45A9-8C78-726AE1FB32AD}.Release|x86.Build.0 = Release|Win32
		{42FD5C2E-11CA-489B-91DA-B727459E34BC}.Debug|x64.ActiveCfg = Debug|x64
		{42FD5C2E-11CA-489B-91DA-B727459E34BC}.Debug|x64.Build.0 = Debug|x64
		{42FD5C2E-11CA-489B-91DA-B727459E34BC}.Debug|x86.ActiveCfg = Debug|Win32
		{42FD5C2E-11CA-489B-91DA-B727459E34BC}.Debug|x86.Build.0 = Debug|Win32
		{42FD5C2E-11CA-489B-91DA-B727459E34BC}.Release|x64.ActiveCfg = Release|x64
		{42FD5C2E-11CA-489B-91DA-B727459E34BC}.Release|x64.Build.0 = Release|x64
		{42FD5C2E-11CA-489B-91DA-B727459E34BC}.Release|x86.ActiveCfg = Release|Win32
		{42FD5C2E-11CA-489B-91DA-B727459E34BC}.Release|x86.Build.0 = Release|Win32
		{9E29803D-5477-421D-8F49-2CCD735358D2}.Debug|x64.ActiveCfg = Debug|x64
		{9E29803D-5477-421D-8F49-2CCD735358D2}.Debug|x64.Build.0 = Debug|x64
		{9E29803D-5477-421D-8F49-2CCD735358D2}.Debug|x86.ActiveCfg = Debug|Win32
		{9E29803D-5477-421D-8F49-2CCD735358D2}.Debug|x86.Build.0 = Debug|Win32
		{9E29803D-5477-421D-8F49-2CCD735358D2}.Release|x64.ActiveCfg = Release|x64
		{9E29803D-5477-421D-8F49-2CCD735358D2}.Release|x64.Build.0 = Release|x64
		{9E29803D-5477-421D-8F49-2CCD735358D2}.Release|x86.ActiveCfg = Release|Win32
		{9E29803D-5477-421D-8F49-2CCD735358D2}.Release|x86.Build.0 = Release|Win32
		{F149F950-F38E-47DE-B92F-9F41AF757B41}.Debug|x64.ActiveCfg = Debug|x64
		{F149F950-F38E-47DE-B92F-9F41AF757B41}.Debug|x64.Build.0 = Debug|x64
		{F149F950-F38E-47DE-B92F-9F41AF757B41}.Debug|x86.ActiveCfg = Debug|Win32
		{F149F950-F38E-47DE-B92F-9F41AF757B41}.Debug|x86.Build.0 = Debug|Win32
		{F149F950-F38E-47DE-B92F-9F41AF757B41}.Release|x64.ActiveCfg = Release|x64
		{F149F950-F38E-47DE-B92F-9F41AF757B41}.Release|x64.Build.0 = Release|x64
		{F149F950-F38E-47DE-B92F-9F41AF757B41}.Release|x86.ActiveCfg = Release|Win32
		{F149F950-F38E-47DE-B92F-9F41AF757B41}.Release|x86.Build.0 = Release|Win32
		{C834AE6B-21F6-400A-AB14-6B3984426D1D}.Debug|x64.ActiveCfg = Debug|x64
		{C834AE6B-21F6-400A-AB14-6B3984426D1D}.Debug|x64.Build.0 = Debug|x64
		{C834AE6B-21F6-400A-AB14-6B3984426D1D}.Debug|x86.ActiveCfg = Debug|Win32
		{C834AE6B-21F6-400A-AB14-6B3984426D1D}.Debug|x86.Build.0 = Debug|Win32
		{C834AE6B-21F6-400A-AB14-6B3984426D1D}.Release|x64.ActiveCfg = Release|x64
		{C834AE6B-21F6-400A-AB14-6B3984426D1D}.Release|x64.Build.0 = Release|x64
		{C834AE6B-21F6-400A-AB14-6B3984426D1D}.Release|x86.ActiveCfg = Release|Win32
		{C834AE6B-21F6-400A-AB14-6B3984426D1D}.Release|x86.Build.0 = Release|Win32
		{0A84B815-F49F-4791-9772-24C3C5362D49}.Debug|x64.ActiveCfg = Debug|x64
		{0A84B815-F49F-4791-9772-24C3C5362D49}.Debug|x64.Build.0 = Debug|x64
		{0A84B815-F49F-4791-9772-24C3C5362D49}.Debug|x86.ActiveCfg = Debug|Win32
		{0A84B815-F49F-4791-9772-24C3C5362D49}.Debug|x86.Build.0 = Debug|Win32
		{0A84B815-F49F-4791-9772-24C3C5362D49}.Release|x64.ActiveCfg = Release|x64
		{0A84B815-F49F-4791-9772-24C3C5362D49}.Release|x64.Build.0 = Release|x64
		{0A84B815-F49F-4791-9772-24C3C5362D49}.Release|x86.ActiveCfg = Release|Win32
		{0A84B815-F49F-4791-9772-24C3C5362D49}.Release|x86.Build.0 = Release|Win32
		{553E1193-C897-4F9C-8B04-AC6AC8C42D79}.Debug|x64.ActiveCfg = Debug|x64
		{553E1193-C897-4F9C-8B04-AC6AC8C42D79}.Debug|x64.Build.0 = Debug|x64
		{553E1193-C897-4F9C-8B04-AC6AC8C42D79}.Debug|x86.ActiveCfg = Debug|Win32
		{553E1193-C897-4F9C-8B04-AC6AC8C42D79}.Debug|x86.Build.0 = Debug|Win32
		{553E1193-C897-4F9C-8B04-AC6AC8C42D79}.Release|x64.ActiveCfg = Release|x64
		{553E1193-C897-4F9C-8B04-AC6AC8C42D79}.Release|x64.Build.0 = Release|x64
		{553E1193-C897-4F9C-8B04-AC6AC8C42D79}.Release|x86.ActiveCfg = Release|Win32
		{553E1193-C897-4F9C-8B04-AC6AC8C42D79}.Release|x86.Build.0 = Release|Win32
		{9681D3CE-D492-4C74-AFF6-7603D4767412}.Debug|x64.ActiveCfg = Debug|x64
		{9681D3CE-D492-4C74-AFF6-7603D4767412}.Debug|x64.Build.0 = Debug|x64
		{9681D3CE-D492-4C74-AFF6-7603D4767412}.Debug|x86.ActiveCfg = Debug|Win32
		{9681D3CE-D492-4C74-AFF6-7603D4767412}.Debug|x86.Build.0 = Debug|Win32
		{9681D3CE-D492-4C74-AFF6-7603D4767412}.Release|x64.ActiveCfg = Release|x64
		{9681D3CE-D492-4C74-AFF6-7603D4767412}.Release|x64.Build.0 = Release|x64
		{9681D3CE-D492-4C74-AFF6-7603D4767412}.Release|x86.ActiveCfg = Release|Win32
		{9681D3CE-D492-4C74-AFF6-7603D4767412}.Release|x86.Build.0 = Release|Win32
		{03BC18D2-250E-4BB1-8B0B-1FE3A5BA9A1F}.Debug|x64.ActiveCfg = Debug|x64
		{03BC18D2-250E-4BB1-8B0B-1FE3A5BA9A1F}.Debug|x64.Build.0 = Debug|x64
		{03BC18D2-250E-4BB1-8B0B-1FE3A5BA9A1F}.Debug|x86.ActiveCfg = Debug|Win32
		{03BC18D2-250E-4BB1-8B0B-1FE3A5BA9A1F}.Debug|x86.Build.0 = Debug|Win32
		{03BC18D2-250E-4BB1-8B0B-1FE3A5BA9A1F}.Release|x64.ActiveCfg = Release|x64
		{03BC18D2-250E-4BB1-8B0B-1FE3A5BA9A1F}.Release|x64.Build.0 = Release|x64
		{03BC18D2-250E-4BB1-8B0B-1FE3A5BA9A1F}.Release|x86.ActiveCfg = Release|Win32
		{03BC18D2-250E-4BB1-8B0B-1FE3A5BA9A1F}.Release|x86.Build.0 = Release|Win32
	EndGlobalSection
	GlobalSection(SolutionProperties) = preSolution
		HideSolutionNode = FALSE
	EndGlobalSection
	GlobalSection(NestedProjects) = preSolution
		{0A84B815-F49F-4791-9772-24C3C5362D49} = {224D6DCA-B33D-43AE-ACC1-A97E9C4AC646}
		{553E1193-C897-4F9C-8B04-AC6AC8C42D79} = {224D6DCA-B33D-43AE-ACC1-A97E9C4AC646}
	EndGlobalSection
EndGlobal
